
Microsoft Visual Studio Solution File, Format Version 11.00
# Visual Studio 2010
Project("{FAE04EC0-301F-11D3-BF4B-00C04F79EFBC}") = "UniRx", "UniRx.csproj", "{0895c47d-84a9-0710-2243-ab9a274f1c42}"
EndProject
Project("{FAE04EC0-301F-11D3-BF4B-00C04F79EFBC}") = "UniRx.Examples", "UniRx.Examples.csproj", "{cd4dabfd-1d08-1565-dd62-238f1fd3a4c4}"
EndProject
Project("{FAE04EC0-301F-11D3-BF4B-00C04F79EFBC}") = "Assembly-CSharp", "Assembly-CSharp.csproj", "{b06d6e48-6111-f0ff-a047-5605d3ddee2f}"
EndProject
Global
	GlobalSection(SolutionConfigurationPlatforms) = preSolution
		Debug|Any CPU = Debug|Any CPU
	EndGlobalSection
	GlobalSection(ProjectConfigurationPlatforms) = postSolution
		{0895c47d-84a9-0710-2243-ab9a274f1c42}.Debug|Any CPU.ActiveCfg = Debug|Any CPU
		{0895c47d-84a9-0710-2243-ab9a274f1c42}.Debug|Any CPU.Build.0 = Debug|Any CPU
		{cd4dabfd-1d08-1565-dd62-238f1fd3a4c4}.Debug|Any CPU.ActiveCfg = Debug|Any CPU
		{cd4dabfd-1d08-1565-dd62-238f1fd3a4c4}.Debug|Any CPU.Build.0 = Debug|Any CPU
		{b06d6e48-6111-f0ff-a047-5605d3ddee2f}.Debug|Any CPU.ActiveCfg = Debug|Any CPU
		{b06d6e48-6111-f0ff-a047-5605d3ddee2f}.Debug|Any CPU.Build.0 = Debug|Any CPU
	EndGlobalSection
	GlobalSection(SolutionProperties) = preSolution
		HideSolutionNode = FALSE
	EndGlobalSection
EndGlobal
